{
  "name": "otro_proyecto",
  "version": "1.0.0",
  "lockfileVersion": 1,
  "requires": true,
  "dependencies": {
    "underscore": {
      "version": "1.8.3",
      "resolved": "https://registry.npmjs.org/underscore/-/underscore-1.8.3.tgz",
      "integrity": "sha1-Tz+1OxBuYJf8+ctBCfKl6b36UCI="
    },
    "velarde_tecsup": {
      "version": "1.0.0",
      "resolved": "https://registry.npmjs.org/velarde_tecsup/-/velarde_tecsup-1.0.0.tgz",
      "integrity": "sha512-8mB2UO+CjPlTXURWWrNq/fpAmfho0GDh3NrdLZnXYOs0JJXsTCmoD0ehwJVb6vVASSYWYkinZhxtavibkW+dAA==",
      "requires": {
        "underscore": "1.8.3"
      }
    }
  }
}
